# This file is automatically @generated by Cargo.
# It is not intended for manual editing.
version = 4

[[package]]
name = "bitflags"
version = "2.13.0"
source = "registry+https://github.com/rust-lang/crates.io-index"
checksum = "b4388bee8683e3d04af747c73422af53102d2bd24d9eadb6cbc100baef4b43f8"

[[package]]
name = "common"
version = "0.1.0"

[[package]]
name = "lock_api"
version = "0.4.14"
source = "registry+https://github.com/rust-lang/crates.io-index"
checksum = "224399e74b87b5f3557511d98dff8b14089b3dadafcab6bb93eab67d3aace965"
dependencies = [
 "scopeguard",
]

[[package]]
name = "osmium"
version = "0.0.1"
dependencies = [
 "bitflags",
 "common",
 "spin",
 "syscall-interface",
]

[[package]]
name = "scopeguard"
version = "1.2.0"
source = "registry+https://github.com/rust-lang/crates.io-index"
checksum = "94143f37725109f92c262ed2cf5e59bce7498c01bcc1502d7b9afe439a4e9f49"

[[package]]
name = "spin"
version = "0.12.0"
source = "registry+https://github.com/rust-lang/crates.io-index"
checksum = "1527984ca054dfca79333baec451042863f485fbee01b7bf6d911de915cac865"
dependencies = [
 "lock_api",
]

[[package]]
name = "syscall-interface"
version = "0.1.0"
